// !$*UTF8*$!
{
	archiveVersion = 1;
	classes = {
	};
	objectVersion = 56;
	objects = {

/* Begin PBXBuildFile section */
		96114FF52A253B650040ABEA /* AppDelegate.swift in Sources */ = {isa = PBXBuildFile; fileRef = 96114FF42A253B650040ABEA /* AppDelegate.swift */; };
		96114FF72A253B650040ABEA /* SceneDelegate.swift in Sources */ = {isa = PBXBuildFile; fileRef = 96114FF62A253B650040ABEA /* SceneDelegate.swift */; };
		96114FF92A253B650040ABEA /* ViewController.swift in Sources */ = {isa = PBXBuildFile; fileRef = 96114FF82A253B650040ABEA /* ViewController.swift */; };
		96114FFC2A253B650040ABEA /* Main.storyboard in Resources */ = {isa = PBXBuildFile; fileRef = 96114FFA2A253B650040ABEA /* Main.storyboard */; };
		96114FFE2A253B680040ABEA /* Assets.xcassets in Resources */ = {isa = PBXBuildFile; fileRef = 96114FFD2A253B680040ABEA /* Assets.xcassets */; };
		961150012A253B680040ABEA /* LaunchScreen.storyboard in Resources */ = {isa = PBXBuildFile; fileRef = 96114FFF2A253B680040ABEA /* LaunchScreen.storyboard */; };
		C716F12BC1A2479644B63855 /* Pods_KibreetService.framework in Frameworks */ = {isa = PBXBuildFile; fileRef = 670CC7F96D55F366F40C97A9 /* Pods_KibreetService.framework */; };
/* End PBXBuildFile section */

/* Begin PBXFileReference section */
		43F652F96A376E99B563DDAC /* Pods-KibreetService.debug.xcconfig */ = {isa = PBXFileReference; includeInIndex = 1; lastKnownFileType = text.xcconfig; name = "Pods-KibreetService.debug.xcconfig"; path = "Target Support Files/Pods-KibreetService/Pods-KibreetService.debug.xcconfig"; sourceTree = "<group>"; };
		670CC7F96D55F366F40C97A9 /* Pods_KibreetService.framework */ = {isa = PBXFileReference; explicitFileType = wrapper.framework; includeInIndex = 0; path = Pods_KibreetService.framework; sourceTree = BUILT_PRODUCTS_DIR; };
		96114FF12A253B650040ABEA /* KibreetService.app */ = {isa = PBXFileReference; explicitFileType = wrapper.application; includeInIndex = 0; path = KibreetService.app; sourceTree = BUILT_PRODUCTS_DIR; };
		96114FF42A253B650040ABEA /* AppDelegate.swift */ = {isa = PBXFileReference; lastKnownFileType = sourcecode.swift; path = AppDelegate.swift; sourceTree = "<group>"; };
		96114FF62A253B650040ABEA /* SceneDelegate.swift */ = {isa = PBXFileReference; lastKnownFileType = sourcecode.swift; path = SceneDelegate.swift; sourceTree = "<group>"; };
		96114FF82A253B650040ABEA /* ViewController.swift */ = {isa = PBXFileReference; lastKnownFileType = sourcecode.swift; path = ViewController.swift; sourceTree = "<group>"; };
		96114FFB2A253B650040ABEA /* Base */ = {isa = PBXFileReference; lastKnownFileType = file.storyboard; name = Base; path = Base.lproj/Main.storyboard; sourceTree = "<group>"; };
		96114FFD2A253B680040ABEA /* Assets.xcassets */ = {isa = PBXFileReference; lastKnownFileType = folder.assetcatalog; path = Assets.xcassets; sourceTree = "<group>"; };
		961150002A253B680040ABEA /* Base */ = {isa = PBXFileReference; lastKnownFileType = file.storyboard; name = Base; path = Base.lproj/LaunchScreen.storyboard; sourceTree = "<group>"; };
		961150022A253B680040ABEA /* Info.plist */ = {isa = PBXFileReference; lastKnownFileType = text.plist.xml; path = Info.plist; sourceTree = "<group>"; };
		E9122C421EBFE3539559A9FB /* Pods-KibreetService.release.xcconfig */ = {isa = PBXFileReference; includeInIndex = 1; lastKnownFileType = text.xcconfig; name = "Pods-KibreetService.release.xcconfig"; path = "Target Support Files/Pods-KibreetService/Pods-KibreetService.release.xcconfig"; sourceTree = "<group>"; };
/* End PBXFileReference section */

/* Begin PBXFrameworksBuildPhase section */
		96114FEE2A253B650040ABEA /* Frameworks */ = {
			isa = PBXFrameworksBuildPhase;
			buildActionMask = 2147483647;
			files = (
				C716F12BC1A2479644B63855 /* Pods_KibreetService.framework in Frameworks */,
			);
			runOnlyForDeploymentPostprocessing = 0;
		};
/* End PBXFrameworksBuildPhase section */

/* Begin PBXGroup section */
		47BE07828859AAC6CF3C3839 /* Pods */ = {
			isa = PBXGroup;
			children = (
				43F652F96A376E99B563DDAC /* Pods-KibreetService.debug.xcconfig */,
				E9122C421EBFE3539559A9FB /* Pods-KibreetService.release.xcconfig */,
			);
			name = Pods;
			path = Pods;
			sourceTree = "<group>";
		};
		96114FE82A253B650040ABEA = {
			isa = PBXGroup;
			children = (
				96114FF32A253B650040ABEA /* KibreetService */,
				96114FF22A253B650040ABEA /* Products */,
				47BE07828859AAC6CF3C3839 /* Pods */,
				D877822971199092E8894103 /* Frameworks */,
			);
			sourceTree = "<group>";
		};
		96114FF22A253B650040ABEA /* Products */ = {
			isa = PBXGroup;
			children = (
				96114FF12A253B650040ABEA /* KibreetService.app */,
			);
			name = Products;
			sourceTree = "<group>";
		};
		96114FF32A253B650040ABEA /* KibreetService */ = {
			isa = PBXGroup;
			children = (
				96114FF42A253B650040ABEA /* AppDelegate.swift */,
				96114FF62A253B650040ABEA /* SceneDelegate.swift */,
				96114FF82A253B650040ABEA /* ViewController.swift */,
				96114FFA2A253B650040ABEA /* Main.storyboard */,
				96114FFD2A253B680040ABEA /* Assets.xcassets */,
				96114FFF2A253B680040ABEA /* LaunchScreen.storyboard */,
				961150022A253B680040ABEA /* Info.plist */,
			);
			path = KibreetService;
			sourceTree = "<group>";
		};
		D877822971199092E8894103 /* Frameworks */ = {
			isa = PBXGroup;
			children = (
				670CC7F96D55F366F40C97A9 /* Pods_KibreetService.framework */,
			);
			name = Frameworks;
			sourceTree = "<group>";
		};
/* End PBXGroup section */

/* Begin PBXNativeTarget section */
		96114FF02A253B650040ABEA /* KibreetService */ = {
			isa = PBXNativeTarget;
			buildConfigurationList = 961150052A253B680040ABEA /* Build configuration list for PBXNativeTarget "KibreetService" */;
			buildPhases = (
				D2D849970C71B9A320874602 /* [CP] Check Pods Manifest.lock */,
				96114FED2A253B650040ABEA /* Sources */,
				96114FEE2A253B650040ABEA /* Frameworks */,
				96114FEF2A253B650040ABEA /* Resources */,
				0DF62BAA4164F431D0A1F788 /* [CP] Embed Pods Frameworks */,
				B232EDC56D0AC7F1898613AC /* [CP] Copy Pods Resources */,
			);
			buildRules = (
			);
			dependencies = (
			);
			name = KibreetService;
			productName = KibreetService;
			productReference = 96114FF12A253B650040ABEA /* KibreetService.app */;
			productType = "com.apple.product-type.application";
		};
/* End PBXNativeTarget section */

/* Begin PBXProject section */
		96114FE92A253B650040ABEA /* Project object */ = {
			isa = PBXProject;
			attributes = {
				BuildIndependentTargetsInParallel = 1;
				LastSwiftUpdateCheck = 1410;
				LastUpgradeCheck = 1410;
				TargetAttributes = {
					96114FF02A253B650040ABEA = {
						CreatedOnToolsVersion = 14.1;
					};
				};
			};
			buildConfigurationList = 96114FEC2A253B650040ABEA /* Build configuration list for PBXProject "KibreetService" */;
			compatibilityVersion = "Xcode 14.0";
			developmentRegion = en;
			hasScannedForEncodings = 0;
			knownRegions = (
				en,
				Base,
			);
			mainGroup = 96114FE82A253B650040ABEA;
			productRefGroup = 96114FF22A253B650040ABEA /* Products */;
			projectDirPath = "";
			projectRoot = "";
			targets = (
				96114FF02A253B650040ABEA /* KibreetService */,
			);
		};
/* End PBXProject section */

/* Begin PBXResourcesBuildPhase section */
		96114FEF2A253B650040ABEA /* Resources */ = {
			isa = PBXResourcesBuildPhase;
			buildActionMask = 2147483647;
			files = (
				961150012A253B680040ABEA /* LaunchScreen.storyboard in Resources */,
				96114FFE2A253B680040ABEA /* Assets.xcassets in Resources */,
				96114FFC2A253B650040ABEA /* Main.storyboard in Resources */,
			);
			runOnlyForDeploymentPostprocessing = 0;
		};
/* End PBXResourcesBuildPhase section */

/* Begin PBXShellScriptBuildPhase section */
		0DF62BAA4164F431D0A1F788 /* [CP] Embed Pods Frameworks */ = {
			isa = PBXShellScriptBuildPhase;
			buildActionMask = 2147483647;
			files = (
			);
			inputFileListPaths = (
				"${PODS_ROOT}/Target Support Files/Pods-KibreetService/Pods-KibreetService-frameworks-${CONFIGURATION}-input-files.xcfilelist",
			);
			name = "[CP] Embed Pods Frameworks";
			outputFileListPaths = (
				"${PODS_ROOT}/Target Support Files/Pods-KibreetService/Pods-KibreetService-frameworks-${CONFIGURATION}-output-files.xcfilelist",
			);
			runOnlyForDeploymentPostprocessing = 0;
			shellPath = /bin/sh;
			shellScript = "\"${PODS_ROOT}/Target Support Files/Pods-KibreetService/Pods-KibreetService-frameworks.sh\"\n";
			showEnvVarsInLog = 0;
		};
		B232EDC56D0AC7F1898613AC /* [CP] Copy Pods Resources */ = {
			isa = PBXShellScriptBuildPhase;
			buildActionMask = 2147483647;
			files = (
			);
			inputFileListPaths = (
				"${PODS_ROOT}/Target Support Files/Pods-KibreetService/Pods-KibreetService-resources-${CONFIGURATION}-input-files.xcfilelist",
			);
			name = "[CP] Copy Pods Resources";
			outputFileListPaths = (
				"${PODS_ROOT}/Target Support Files/Pods-KibreetService/Pods-KibreetService-resources-${CONFIGURATION}-output-files.xcfilelist",
			);
			runOnlyForDeploymentPostprocessing = 0;
			shellPath = /bin/sh;
			shellScript = "\"${PODS_ROOT}/Target Support Files/Pods-KibreetService/Pods-KibreetService-resources.sh\"\n";
			showEnvVarsInLog = 0;
		};
		D2D849970C71B9A320874602 /* [CP] Check Pods Manifest.lock */ = {
			isa = PBXShellScriptBuildPhase;
			buildActionMask = 2147483647;
			files = (
			);
			inputFileListPaths = (
			);
			inputPaths = (
				"${PODS_PODFILE_DIR_PATH}/Podfile.lock",
				"${PODS_ROOT}/Manifest.lock",
			);
			name = "[CP] Check Pods Manifest.lock";
			outputFileListPaths = (
			);
			outputPaths = (
				"$(DERIVED_FILE_DIR)/Pods-KibreetService-checkManifestLockResult.txt",
			);
			runOnlyForDeploymentPostprocessing = 0;
			shellPath = /bin/sh;
			shellScript = "diff \"${PODS_PODFILE_DIR_PATH}/Podfile.lock\" \"${PODS_ROOT}/Manifest.lock\" > /dev/null\nif [ $? != 0 ] ; then\n    # print error to STDERR\n    echo \"error: The sandbox is not in sync with the Podfile.lock. Run 'pod install' or update your CocoaPods installation.\" >&2\n    exit 1\nfi\n# This output is used by Xcode 'outputs' to avoid re-running this script phase.\necho \"SUCCESS\" > \"${SCRIPT_OUTPUT_FILE_0}\"\n";
			showEnvVarsInLog = 0;
		};
/* End PBXShellScriptBuildPhase section */

/* Begin PBXSourcesBuildPhase section */
		96114FED2A253B650040ABEA /* Sources */ = {
			isa = PBXSourcesBuildPhase;
			buildActionMask = 2147483647;
			files = (
				96114FF92A253B650040ABEA /* ViewController.swift in Sources */,
				96114FF52A253B650040ABEA /* AppDelegate.swift in Sources */,
				96114FF72A253B650040ABEA /* SceneDelegate.swift in Sources */,
			);
			runOnlyForDeploymentPostprocessing = 0;
		};
/* End PBXSourcesBuildPhase section */

/* Begin PBXVariantGroup section */
		96114FFA2A253B650040ABEA /* Main.storyboard */ = {
			isa = PBXVariantGroup;
			children = (
				96114FFB2A253B650040ABEA /* Base */,
			);
			name = Main.storyboard;
			sourceTree = "<group>";
		};
		96114FFF2A253B680040ABEA /* LaunchScreen.storyboard */ = {
			isa = PBXVariantGroup;
			children = (
				961150002A253B680040ABEA /* Base */,
			);
			name = LaunchScreen.storyboard;
			sourceTree = "<group>";
		};
/* End PBXVariantGroup section */

/* Begin XCBuildConfiguration section */
		961150032A253B680040ABEA /* Debug */ = {
			isa = XCBuildConfiguration;
			buildSettings = {
				ALWAYS_SEARCH_USER_PATHS = NO;
				CLANG_ANALYZER_NONNULL = YES;
				CLANG_ANALYZER_NUMBER_OBJECT_CONVERSION = YES_AGGRESSIVE;
				CLANG_CXX_LANGUAGE_STANDARD = "gnu++20";
				CLANG_ENABLE_MODULES = YES;
				CLANG_ENABLE_OBJC_ARC = YES;
				CLANG_ENABLE_OBJC_WEAK = YES;
				CLANG_WARN_BLOCK_CAPTURE_AUTORELEASING = YES;
				CLANG_WARN_BOOL_CONVERSION = YES;
				CLANG_WARN_COMMA = YES;
				CLANG_WARN_CONSTANT_CONVERSION = YES;
				CLANG_WARN_DEPRECATED_OBJC_IMPLEMENTATIONS = YES;
				CLANG_WARN_DIRECT_OBJC_ISA_USAGE = YES_ERROR;
				CLANG_WARN_DOCUMENTATION_COMMENTS = YES;
				CLANG_WARN_EMPTY_BODY = YES;
				CLANG_WARN_ENUM_CONVERSION = YES;
				CLANG_WARN_INFINITE_RECURSION = YES;
				CLANG_WARN_INT_CONVERSION = YES;
				CLANG_WARN_NON_LITERAL_NULL_CONVERSION = YES;
				CLANG_WARN_OBJC_IMPLICIT_RETAIN_SELF = YES;
				CLANG_WARN_OBJC_LITERAL_CONVERSION = YES;
				CLANG_WARN_OBJC_ROOT_CLASS = YES_ERROR;
				CLANG_WARN_QUOTED_INCLUDE_IN_FRAMEWORK_HEADER = YES;
				CLANG_WARN_RANGE_LOOP_ANALYSIS = YES;
				CLANG_WARN_STRICT_PROTOTYPES = YES;
				CLANG_WARN_SUSPICIOUS_MOVE = YES;
				CLANG_WARN_UNGUARDED_AVAILABILITY = YES_AGGRESSIVE;
				CLANG_WARN_UNREACHABLE_CODE = YES;
				CLANG_WARN__DUPLICATE_METHOD_MATCH = YES;
				COPY_PHASE_STRIP = NO;
				DEBUG_INFORMATION_FORMAT = dwarf;
				ENABLE_STRICT_OBJC_MSGSEND = YES;
				ENABLE_TESTABILITY = YES;
				GCC_C_LANGUAGE_STANDARD = gnu11;
				GCC_DYNAMIC_NO_PIC = NO;
				GCC_NO_COMMON_BLOCKS = YES;
				GCC_OPTIMIZATION_LEVEL = 0;
				GCC_PREPROCESSOR_DEFINITIONS = (
					"DEBUG=1",
					"$(inherited)",
				);
				GCC_WARN_64_TO_32_BIT_CONVERSION = YES;
				GCC_WARN_ABOUT_RETURN_TYPE = YES_ERROR;
				GCC_WARN_UNDECLARED_SELECTOR = YES;
				GCC_WARN_UNINITIALIZED_AUTOS = YES_AGGRESSIVE;
				GCC_WARN_UNUSED_FUNCTION = YES;
				GCC_WARN_UNUSED_VARIABLE = YES;
				IPHONEOS_DEPLOYMENT_TARGET = 16.1;
				MTL_ENABLE_DEBUG_INFO = INCLUDE_SOURCE;
				MTL_FAST_MATH = YES;
				ONLY_ACTIVE_ARCH = YES;
				SDKROOT = iphoneos;
				SWIFT_ACTIVE_COMPILATION_CONDITIONS = DEBUG;
				SWIFT_OPTIMIZATION_LEVEL = "-Onone";
			};
			name = Debug;
		};
		961150042A253B680040ABEA /* Release */ = {
			isa = XCBuildConfiguration;
			buildSettings = {
				ALWAYS_SEARCH_USER_PATHS = NO;
				CLANG_ANALYZER_NONNULL = YES;
				CLANG_ANALYZER_NUMBER_OBJECT_CONVERSION = YES_AGGRESSIVE;
				CLANG_CXX_LANGUAGE_STANDARD = "gnu++20";
				CLANG_ENABLE_MODULES = YES;
				CLANG_ENABLE_OBJC_ARC = YES;
				CLANG_ENABLE_OBJC_WEAK = YES;
				CLANG_WARN_BLOCK_CAPTURE_AUTORELEASING = YES;
				CLANG_WARN_BOOL_CONVERSION = YES;
				CLANG_WARN_COMMA = YES;
				CLANG_WARN_CONSTANT_CONVERSION = YES;
				CLANG_WARN_DEPRECATED_OBJC_IMPLEMENTATIONS = YES;
				CLANG_WARN_DIRECT_OBJC_ISA_USAGE = YES_ERROR;
				CLANG_WARN_DOCUMENTATION_COMMENTS = YES;
				CLANG_WARN_EMPTY_BODY = YES;
				CLANG_WARN_ENUM_CONVERSION = YES;
				CLANG_WARN_INFINITE_RECURSION = YES;
				CLANG_WARN_INT_CONVERSION = YES;
				CLANG_WARN_NON_LITERAL_NULL_CONVERSION = YES;
				CLANG_WARN_OBJC_IMPLICIT_RETAIN_SELF = YES;
				CLANG_WARN_OBJC_LITERAL_CONVERSION = YES;
				CLANG_WARN_OBJC_ROOT_CLASS = YES_ERROR;
				CLANG_WARN_QUOTED_INCLUDE_IN_FRAMEWORK_HEADER = YES;
				CLANG_WARN_RANGE_LOOP_ANALYSIS = YES;
				CLANG_WARN_STRICT_PROTOTYPES = YES;
				CLANG_WARN_SUSPICIOUS_MOVE = YES;
				CLANG_WARN_UNGUARDED_AVAILABILITY = YES_AGGRESSIVE;
				CLANG_WARN_UNREACHABLE_CODE = YES;
				CLANG_WARN__DUPLICATE_METHOD_MATCH = YES;
				COPY_PHASE_STRIP = NO;
				DEBUG_INFORMATION_FORMAT = "dwarf-with-dsym";
				ENABLE_NS_ASSERTIONS = NO;
				ENABLE_STRICT_OBJC_MSGSEND = YES;
				GCC_C_LANGUAGE_STANDARD = gnu11;
				GCC_NO_COMMON_BLOCKS = YES;
				GCC_WARN_64_TO_32_BIT_CONVERSION = YES;
				GCC_WARN_ABOUT_RETURN_TYPE = YES_ERROR;
				GCC_WARN_UNDECLARED_SELECTOR = YES;
				GCC_WARN_UNINITIALIZED_AUTOS = YES_AGGRESSIVE;
				GCC_WARN_UNUSED_FUNCTION = YES;
				GCC_WARN_UNUSED_VARIABLE = YES;
				IPHONEOS_DEPLOYMENT_TARGET = 16.1;
				MTL_ENABLE_DEBUG_INFO = NO;
				MTL_FAST_MATH = YES;
				SDKROOT = iphoneos;
				SWIFT_COMPILATION_MODE = wholemodule;
				SWIFT_OPTIMIZATION_LEVEL = "-O";
				VALIDATE_PRODUCT = YES;
			};
			name = Release;
		};
		961150062A253B680040ABEA /* Debug */ = {
			isa = XCBuildConfiguration;
			baseConfigurationReference = 43F652F96A376E99B563DDAC /* Pods-KibreetService.debug.xcconfig */;
			buildSettings = {
				ASSETCATALOG_COMPILER_APPICON_NAME = AppIcon;
				ASSETCATALOG_COMPILER_GLOBAL_ACCENT_COLOR_NAME = AccentColor;
				CODE_SIGN_STYLE = Automatic;
				CURRENT_PROJECT_VERSION = 1;
				DEVELOPMENT_TEAM = 3Q293AGLJA;
				GENERATE_INFOPLIST_FILE = YES;
				INFOPLIST_FILE = KibreetService/Info.plist;
				INFOPLIST_KEY_UIApplicationSupportsIndirectInputEvents = YES;
				INFOPLIST_KEY_UILaunchStoryboardName = LaunchScreen;
				INFOPLIST_KEY_UIMainStoryboardFile = Main;
				INFOPLIST_KEY_UISupportedInterfaceOrientations_iPad = "UIInterfaceOrientationPortrait UIInterfaceOrientationPortraitUpsideDown UIInterfaceOrientationLandscapeLeft UIInterfaceOrientationLandscapeRight";
				INFOPLIST_KEY_UISupportedInterfaceOrientations_iPhone = "UIInterfaceOrientationPortrait UIInterfaceOrientationLandscapeLeft UIInterfaceOrientationLandscapeRight";
				LD_RUNPATH_SEARCH_PATHS = (
					"$(inherited)",
					"@executable_path/Frameworks",
				);
				MARKETING_VERSION = 1.0;
				PRODUCT_BUNDLE_IDENTIFIER = com.tama.KibreetService;
				PRODUCT_NAME = "$(TARGET_NAME)";
				SWIFT_EMIT_LOC_STRINGS = YES;
				SWIFT_VERSION = 5.0;
				TARGETED_DEVICE_FAMILY = "1,2";
			};
			name = Debug;
		};
		961150072A253B680040ABEA /* Release */ = {
			isa = XCBuildConfiguration;
			baseConfigurationReference = E9122C421EBFE3539559A9FB /* Pods-KibreetService.release.xcconfig */;
			buildSettings = {
				ASSETCATALOG_COMPILER_APPICON_NAME = AppIcon;
				ASSETCATALOG_COMPILER_GLOBAL_ACCENT_COLOR_NAME = AccentColor;
				CODE_SIGN_STYLE = Automatic;
				CURRENT_PROJECT_VERSION = 1;
				DEVELOPMENT_TEAM = 3Q293AGLJA;
				GENERATE_INFOPLIST_FILE = YES;
				INFOPLIST_FILE = KibreetService/Info.plist;
				INFOPLIST_KEY_UIApplicationSupportsIndirectInputEvents = YES;
				INFOPLIST_KEY_UILaunchStoryboardName = LaunchScreen;
				INFOPLIST_KEY_UIMainStoryboardFile = Main;
				INFOPLIST_KEY_UISupportedInterfaceOrientations_iPad = "UIInterfaceOrientationPortrait UIInterfaceOrientationPortraitUpsideDown UIInterfaceOrientationLandscapeLeft UIInterfaceOrientationLandscapeRight";
				INFOPLIST_KEY_UISupportedInterfaceOrientations_iPhone = "UIInterfaceOrientationPortrait UIInterfaceOrientationLandscapeLeft UIInterfaceOrientationLandscapeRight";
				LD_RUNPATH_SEARCH_PATHS = (
					"$(inherited)",
					"@executable_path/Frameworks",
				);
				MARKETING_VERSION = 1.0;
				PRODUCT_BUNDLE_IDENTIFIER = com.tama.KibreetService;
				PRODUCT_NAME = "$(TARGET_NAME)";
				SWIFT_EMIT_LOC_STRINGS = YES;
				SWIFT_VERSION = 5.0;
				TARGETED_DEVICE_FAMILY = "1,2";
			};
			name = Release;
		};
/* End XCBuildConfiguration section */

/* Begin XCConfigurationList section */
		96114FEC2A253B650040ABEA /* Build configuration list for PBXProject "KibreetService" */ = {
			isa = XCConfigurationList;
			buildConfigurations = (
				961150032A253B680040ABEA /* Debug */,
				961150042A253B680040ABEA /* Release */,
			);
			defaultConfigurationIsVisible = 0;
			defaultConfigurationName = Release;
		};
		961150052A253B680040ABEA /* Build configuration list for PBXNativeTarget "KibreetService" */ = {
			isa = XCConfigurationList;
			buildConfigurations = (
				961150062A253B680040ABEA /* Debug */,
				961150072A253B680040ABEA /* Release */,
			);
			defaultConfigurationIsVisible = 0;
			defaultConfigurationName = Release;
		};
/* End XCConfigurationList section */
	};
	rootObject = 96114FE92A253B650040ABEA /* Project object */;
}
